// !$*UTF8*$!
{
	archiveVersion = 1;
	classes = {
	};
	objectVersion = 50;
	objects = {

/* Begin PBXBuildFile section */
		CD415F37261E8FF3007D7030 /* ProtocalVIewApp.swift in Sources */ = {isa = PBXBuildFile; fileRef = CD415F36261E8FF3007D7030 /* ProtocalVIewApp.swift */; };
		CD415F39261E8FF3007D7030 /* ContentView.swift in Sources */ = {isa = PBXBuildFile; fileRef = CD415F38261E8FF3007D7030 /* ContentView.swift */; };
		CD415F3B261E8FF6007D7030 /* Assets.xcassets in Resources */ = {isa = PBXBuildFile; fileRef = CD415F3A261E8FF6007D7030 /* Assets.xcassets */; };
		CD415F3E261E8FF6007D7030 /* Preview Assets.xcassets in Resources */ = {isa = PBXBuildFile; fileRef = CD415F3D261E8FF6007D7030 /* Preview Assets.xcassets */; };
		CD415F4C261E916A007D7030 /* CustomerModel.swift in Sources */ = {isa = PBXBuildFile; fileRef = CD415F4B261E916A007D7030 /* CustomerModel.swift */; };
		CD415F4F261E91A0007D7030 /* CustomerViewModel.swift in Sources */ = {isa = PBXBuildFile; fileRef = CD415F4E261E91A0007D7030 /* CustomerViewModel.swift */; };
		CD415F54261E9589007D7030 /* ContactableProtocal.swift in Sources */ = {isa = PBXBuildFile; fileRef = CD415F53261E9589007D7030 /* ContactableProtocal.swift */; };
/* End PBXBuildFile section */

/* Begin PBXFileReference section */
		CD415F33261E8FF3007D7030 /* ProtocalVIew.app */ = {isa = PBXFileReference; explicitFileType = wrapper.application; includeInIndex = 0; path = ProtocalVIew.app; sourceTree = BUILT_PRODUCTS_DIR; };
		CD415F36261E8FF3007D7030 /* ProtocalVIewApp.swift */ = {isa = PBXFileReference; lastKnownFileType = sourcecode.swift; path = ProtocalVIewApp.swift; sourceTree = "<group>"; };
		CD415F38261E8FF3007D7030 /* ContentView.swift */ = {isa = PBXFileReference; lastKnownFileType = sourcecode.swift; path = ContentView.swift; sourceTree = "<group>"; };
		CD415F3A261E8FF6007D7030 /* Assets.xcassets */ = {isa = PBXFileReference; lastKnownFileType = folder.assetcatalog; path = Assets.xcassets; sourceTree = "<group>"; };
		CD415F3D261E8FF6007D7030 /* Preview Assets.xcassets */ = {isa = PBXFileReference; lastKnownFileType = folder.assetcatalog; path = "Preview Assets.xcassets"; sourceTree = "<group>"; };
		CD415F3F261E8FF6007D7030 /* Info.plist */ = {isa = PBXFileReference; lastKnownFileType = text.plist.xml; path = Info.plist; sourceTree = "<group>"; };
		CD415F4B261E916A007D7030 /* CustomerModel.swift */ = {isa = PBXFileReference; lastKnownFileType = sourcecode.swift; path = CustomerModel.swift; sourceTree = "<group>"; };
		CD415F4E261E91A0007D7030 /* CustomerViewModel.swift */ = {isa = PBXFileReference; lastKnownFileType = sourcecode.swift; path = CustomerViewModel.swift; sourceTree = "<group>"; };
		CD415F53261E9589007D7030 /* ContactableProtocal.swift */ = {isa = PBXFileReference; lastKnownFileType = sourcecode.swift; path = ContactableProtocal.swift; sourceTree = "<group>"; };
/* End PBXFileReference section */

/* Begin PBXFrameworksBuildPhase section */
		CD415F30261E8FF3007D7030 /* Frameworks */ = {
			isa = PBXFrameworksBuildPhase;
			buildActionMask = 2147483647;
			files = (
			);
			runOnlyForDeploymentPostprocessing = 0;
		};
/* End PBXFrameworksBuildPhase section */

/* Begin PBXGroup section */
		CD415F2A261E8FF3007D7030 = {
			isa = PBXGroup;
			children = (
				CD415F35261E8FF3007D7030 /* ProtocalVIew */,
				CD415F34261E8FF3007D7030 /* Products */,
			);
			sourceTree = "<group>";
		};
		CD415F34261E8FF3007D7030 /* Products */ = {
			isa = PBXGroup;
			children = (
				CD415F33261E8FF3007D7030 /* ProtocalVIew.app */,
			);
			name = Products;
			sourceTree = "<group>";
		};
		CD415F35261E8FF3007D7030 /* ProtocalVIew */ = {
			isa = PBXGroup;
			children = (
				CD415F36261E8FF3007D7030 /* ProtocalVIewApp.swift */,
				CD415F46261E912F007D7030 /* View */,
				CD415F47261E9139007D7030 /* ViewModel */,
				CD415F48261E9144007D7030 /* Model */,
				CD415F52261E9489007D7030 /* Protocal */,
				CD415F3A261E8FF6007D7030 /* Assets.xcassets */,
				CD415F3F261E8FF6007D7030 /* Info.plist */,
				CD415F3C261E8FF6007D7030 /* Preview Content */,
			);
			path = ProtocalVIew;
			sourceTree = "<group>";
		};
		CD415F3C261E8FF6007D7030 /* Preview Content */ = {
			isa = PBXGroup;
			children = (
				CD415F3D261E8FF6007D7030 /* Preview Assets.xcassets */,
			);
			path = "Preview Content";
			sourceTree = "<group>";
		};
		CD415F46261E912F007D7030 /* View */ = {
			isa = PBXGroup;
			children = (
				CD415F38261E8FF3007D7030 /* ContentView.swift */,
			);
			path = View;
			sourceTree = "<group>";
		};
		CD415F47261E9139007D7030 /* ViewModel */ = {
			isa = PBXGroup;
			children = (
				CD415F4E261E91A0007D7030 /* CustomerViewModel.swift */,
			);
			path = ViewModel;
			sourceTree = "<group>";
		};
		CD415F48261E9144007D7030 /* Model */ = {
			isa = PBXGroup;
			children = (
				CD415F4B261E916A007D7030 /* CustomerModel.swift */,
			);
			path = Model;
			sourceTree = "<group>";
		};
		CD415F52261E9489007D7030 /* Protocal */ = {
			isa = PBXGroup;
			children = (
				CD415F53261E9589007D7030 /* ContactableProtocal.swift */,
			);
			path = Protocal;
			sourceTree = "<group>";
		};
/* End PBXGroup section */

/* Begin PBXNativeTarget section */
		CD415F32261E8FF3007D7030 /* ProtocalVIew */ = {
			isa = PBXNativeTarget;
			buildConfigurationList = CD415F42261E8FF6007D7030 /* Build configuration list for PBXNativeTarget "ProtocalVIew" */;
			buildPhases = (
				CD415F2F261E8FF3007D7030 /* Sources */,
				CD415F30261E8FF3007D7030 /* Frameworks */,
				CD415F31261E8FF3007D7030 /* Resources */,
			);
			buildRules = (
			);
			dependencies = (
			);
			name = ProtocalVIew;
			productName = ProtocalVIew;
			productReference = CD415F33261E8FF3007D7030 /* ProtocalVIew.app */;
			productType = "com.apple.product-type.application";
		};
/* End PBXNativeTarget section */

/* Begin PBXProject section */
		CD415F2B261E8FF3007D7030 /* Project object */ = {
			isa = PBXProject;
			attributes = {
				LastSwiftUpdateCheck = 1240;
				LastUpgradeCheck = 1240;
				TargetAttributes = {
					CD415F32261E8FF3007D7030 = {
						CreatedOnToolsVersion = 12.4;
					};
				};
			};
			buildConfigurationList = CD415F2E261E8FF3007D7030 /* Build configuration list for PBXProject "ProtocalVIew" */;
			compatibilityVersion = "Xcode 9.3";
			developmentRegion = en;
			hasScannedForEncodings = 0;
			knownRegions = (
				en,
				Base,
			);
			mainGroup = CD415F2A261E8FF3007D7030;
			productRefGroup = CD415F34261E8FF3007D7030 /* Products */;
			projectDirPath = "";
			projectRoot = "";
			targets = (
				CD415F32261E8FF3007D7030 /* ProtocalVIew */,
			);
		};
/* End PBXProject section */

/* Begin PBXResourcesBuildPhase section */
		CD415F31261E8FF3007D7030 /* Resources */ = {
			isa = PBXResourcesBuildPhase;
			buildActionMask = 2147483647;
			files = (
				CD415F3E261E8FF6007D7030 /* Preview Assets.xcassets in Resources */,
				CD415F3B261E8FF6007D7030 /* Assets.xcassets in Resources */,
			);
			runOnlyForDeploymentPostprocessing = 0;
		};
/* End PBXResourcesBuildPhase section */

/* Begin PBXSourcesBuildPhase section */
		CD415F2F261E8FF3007D7030 /* Sources */ = {
			isa = PBXSourcesBuildPhase;
			buildActionMask = 2147483647;
			files = (
				CD415F54261E9589007D7030 /* ContactableProtocal.swift in Sources */,
				CD415F4F261E91A0007D7030 /* CustomerViewModel.swift in Sources */,
				CD415F4C261E916A007D7030 /* CustomerModel.swift in Sources */,
				CD415F39261E8FF3007D7030 /* ContentView.swift in Sources */,
				CD415F37261E8FF3007D7030 /* ProtocalVIewApp.swift in Sources */,
			);
			runOnlyForDeploymentPostprocessing = 0;
		};
/* End PBXSourcesBuildPhase section */

/* Begin XCBuildConfiguration section */
		CD415F40261E8FF6007D7030 /* Debug */ = {
			isa = XCBuildConfiguration;
			buildSettings = {
				ALWAYS_SEARCH_USER_PATHS = NO;
				CLANG_ANALYZER_NONNULL = YES;
				CLANG_ANALYZER_NUMBER_OBJECT_CONVERSION = YES_AGGRESSIVE;
				CLANG_CXX_LANGUAGE_STANDARD = "gnu++14";
				CLANG_CXX_LIBRARY = "libc++";
				CLANG_ENABLE_MODULES = YES;
				CLANG_ENABLE_OBJC_ARC = YES;
				CLANG_ENABLE_OBJC_WEAK = YES;
				CLANG_WARN_BLOCK_CAPTURE_AUTORELEASING = YES;
				CLANG_WARN_BOOL_CONVERSION = YES;
				CLANG_WARN_COMMA = YES;
				CLANG_WARN_CONSTANT_CONVERSION = YES;
				CLANG_WARN_DEPRECATED_OBJC_IMPLEMENTATIONS = YES;
				CLANG_WARN_DIRECT_OBJC_ISA_USAGE = YES_ERROR;
				CLANG_WARN_DOCUMENTATION_COMMENTS = YES;
				CLANG_WARN_EMPTY_BODY = YES;
				CLANG_WARN_ENUM_CONVERSION = YES;
				CLANG_WARN_INFINITE_RECURSION = YES;
				CLANG_WARN_INT_CONVERSION = YES;
				CLANG_WARN_NON_LITERAL_NULL_CONVERSION = YES;
				CLANG_WARN_OBJC_IMPLICIT_RETAIN_SELF = YES;
				CLANG_WARN_OBJC_LITERAL_CONVERSION = YES;
				CLANG_WARN_OBJC_ROOT_CLASS = YES_ERROR;
				CLANG_WARN_QUOTED_INCLUDE_IN_FRAMEWORK_HEADER = YES;
				CLANG_WARN_RANGE_LOOP_ANALYSIS = YES;
				CLANG_WARN_STRICT_PROTOTYPES = YES;
				CLANG_WARN_SUSPICIOUS_MOVE = YES;
				CLANG_WARN_UNGUARDED_AVAILABILITY = YES_AGGRESSIVE;
				CLANG_WARN_UNREACHABLE_CODE = YES;
				CLANG_WARN__DUPLICATE_METHOD_MATCH = YES;
				COPY_PHASE_STRIP = NO;
				DEBUG_INFORMATION_FORMAT = dwarf;
				ENABLE_STRICT_OBJC_MSGSEND = YES;
				ENABLE_TESTABILITY = YES;
				GCC_C_LANGUAGE_STANDARD = gnu11;
				GCC_DYNAMIC_NO_PIC = NO;
				GCC_NO_COMMON_BLOCKS = YES;
				GCC_OPTIMIZATION_LEVEL = 0;
				GCC_PREPROCESSOR_DEFINITIONS = (
					"DEBUG=1",
					"$(inherited)",
				);
				GCC_WARN_64_TO_32_BIT_CONVERSION = YES;
				GCC_WARN_ABOUT_RETURN_TYPE = YES_ERROR;
				GCC_WARN_UNDECLARED_SELECTOR = YES;
				GCC_WARN_UNINITIALIZED_AUTOS = YES_AGGRESSIVE;
				GCC_WARN_UNUSED_FUNCTION = YES;
				GCC_WARN_UNUSED_VARIABLE = YES;
				IPHONEOS_DEPLOYMENT_TARGET = 14.4;
				MTL_ENABLE_DEBUG_INFO = INCLUDE_SOURCE;
				MTL_FAST_MATH = YES;
				ONLY_ACTIVE_ARCH = YES;
				SDKROOT = iphoneos;
				SWIFT_ACTIVE_COMPILATION_CONDITIONS = DEBUG;
				SWIFT_OPTIMIZATION_LEVEL = "-Onone";
			};
			name = Debug;
		};
		CD415F41261E8FF6007D7030 /* Release */ = {
			isa = XCBuildConfiguration;
			buildSettings = {
				ALWAYS_SEARCH_USER_PATHS = NO;
				CLANG_ANALYZER_NONNULL = YES;
				CLANG_ANALYZER_NUMBER_OBJECT_CONVERSION = YES_AGGRESSIVE;
				CLANG_CXX_LANGUAGE_STANDARD = "gnu++14";
				CLANG_CXX_LIBRARY = "libc++";
				CLANG_ENABLE_MODULES = YES;
				CLANG_ENABLE_OBJC_ARC = YES;
				CLANG_ENABLE_OBJC_WEAK = YES;
				CLANG_WARN_BLOCK_CAPTURE_AUTORELEASING = YES;
				CLANG_WARN_BOOL_CONVERSION = YES;
				CLANG_WARN_COMMA = YES;
				CLANG_WARN_CONSTANT_CONVERSION = YES;
				CLANG_WARN_DEPRECATED_OBJC_IMPLEMENTATIONS = YES;
				CLANG_WARN_DIRECT_OBJC_ISA_USAGE = YES_ERROR;
				CLANG_WARN_DOCUMENTATION_COMMENTS = YES;
				CLANG_WARN_EMPTY_BODY = YES;
				CLANG_WARN_ENUM_CONVERSION = YES;
				CLANG_WARN_INFINITE_RECURSION = YES;
				CLANG_WARN_INT_CONVERSION = YES;
				CLANG_WARN_NON_LITERAL_NULL_CONVERSION = YES;
				CLANG_WARN_OBJC_IMPLICIT_RETAIN_SELF = YES;
				CLANG_WARN_OBJC_LITERAL_CONVERSION = YES;
				CLANG_WARN_OBJC_ROOT_CLASS = YES_ERROR;
				CLANG_WARN_QUOTED_INCLUDE_IN_FRAMEWORK_HEADER = YES;
				CLANG_WARN_RANGE_LOOP_ANALYSIS = YES;
				CLANG_WARN_STRICT_PROTOTYPES = YES;
				CLANG_WARN_SUSPICIOUS_MOVE = YES;
				CLANG_WARN_UNGUARDED_AVAILABILITY = YES_AGGRESSIVE;
				CLANG_WARN_UNREACHABLE_CODE = YES;
				CLANG_WARN__DUPLICATE_METHOD_MATCH = YES;
				COPY_PHASE_STRIP = NO;
				DEBUG_INFORMATION_FORMAT = "dwarf-with-dsym";
				ENABLE_NS_ASSERTIONS = NO;
				ENABLE_STRICT_OBJC_MSGSEND = YES;
				GCC_C_LANGUAGE_STANDARD = gnu11;
				GCC_NO_COMMON_BLOCKS = YES;
				GCC_WARN_64_TO_32_BIT_CONVERSION = YES;
				GCC_WARN_ABOUT_RETURN_TYPE = YES_ERROR;
				GCC_WARN_UNDECLARED_SELECTOR = YES;
				GCC_WARN_UNINITIALIZED_AUTOS = YES_AGGRESSIVE;
				GCC_WARN_UNUSED_FUNCTION = YES;
				GCC_WARN_UNUSED_VARIABLE = YES;
				IPHONEOS_DEPLOYMENT_TARGET = 14.4;
				MTL_ENABLE_DEBUG_INFO = NO;
				MTL_FAST_MATH = YES;
				SDKROOT = iphoneos;
				SWIFT_COMPILATION_MODE = wholemodule;
				SWIFT_OPTIMIZATION_LEVEL = "-O";
				VALIDATE_PRODUCT = YES;
			};
			name = Release;
		};
		CD415F43261E8FF6007D7030 /* Debug */ = {
			isa = XCBuildConfiguration;
			buildSettings = {
				ASSETCATALOG_COMPILER_APPICON_NAME = AppIcon;
				ASSETCATALOG_COMPILER_GLOBAL_ACCENT_COLOR_NAME = AccentColor;
				CODE_SIGN_STYLE = Automatic;
				DEVELOPMENT_ASSET_PATHS = "\"ProtocalVIew/Preview Content\"";
				DEVELOPMENT_TEAM = 693P93E2N6;
				ENABLE_PREVIEWS = YES;
				INFOPLIST_FILE = ProtocalVIew/Info.plist;
				IPHONEOS_DEPLOYMENT_TARGET = 14.0;
				LD_RUNPATH_SEARCH_PATHS = (
					"$(inherited)",
					"@executable_path/Frameworks",
				);
				PRODUCT_BUNDLE_IDENTIFIER = com.trueddns.homenano.ProtocalVIew;
				PRODUCT_NAME = "$(TARGET_NAME)";
				SWIFT_VERSION = 5.0;
				TARGETED_DEVICE_FAMILY = "1,2";
			};
			name = Debug;
		};
		CD415F44261E8FF6007D7030 /* Release */ = {
			isa = XCBuildConfiguration;
			buildSettings = {
				ASSETCATALOG_COMPILER_APPICON_NAME = AppIcon;
				ASSETCATALOG_COMPILER_GLOBAL_ACCENT_COLOR_NAME = AccentColor;
				CODE_SIGN_STYLE = Automatic;
				DEVELOPMENT_ASSET_PATHS = "\"ProtocalVIew/Preview Content\"";
				DEVELOPMENT_TEAM = 693P93E2N6;
				ENABLE_PREVIEWS = YES;
				INFOPLIST_FILE = ProtocalVIew/Info.plist;
				IPHONEOS_DEPLOYMENT_TARGET = 14.0;
				LD_RUNPATH_SEARCH_PATHS = (
					"$(inherited)",
					"@executable_path/Frameworks",
				);
				PRODUCT_BUNDLE_IDENTIFIER = com.trueddns.homenano.ProtocalVIew;
				PRODUCT_NAME = "$(TARGET_NAME)";
				SWIFT_VERSION = 5.0;
				TARGETED_DEVICE_FAMILY = "1,2";
			};
			name = Release;
		};
/* End XCBuildConfiguration section */

/* Begin XCConfigurationList section */
		CD415F2E261E8FF3007D7030 /* Build configuration list for PBXProject "ProtocalVIew" */ = {
			isa = XCConfigurationList;
			buildConfigurations = (
				CD415F40261E8FF6007D7030 /* Debug */,
				CD415F41261E8FF6007D7030 /* Release */,
			);
			defaultConfigurationIsVisible = 0;
			defaultConfigurationName = Release;
		};
		CD415F42261E8FF6007D7030 /* Build configuration list for PBXNativeTarget "ProtocalVIew" */ = {
			isa = XCConfigurationList;
			buildConfigurations = (
				CD415F43261E8FF6007D7030 /* Debug */,
				CD415F44261E8FF6007D7030 /* Release */,
			);
			defaultConfigurationIsVisible = 0;
			defaultConfigurationName = Release;
		};
/* End XCConfigurationList section */
	};
	rootObject = CD415F2B261E8FF3007D7030 /* Project object */;
}
